<?xml version="1.0" encoding="utf-8"?>
<Project ToolsVersion="4.0" xmlns="http://schemas.microsoft.com/developer/msbuild/2003">
  <ItemGroup>
    <Filter Include="Header Files">
      <UniqueIdentifier>{93995380-89BD-4b04-88EB-625FBE52EBFB}</UniqueIdentifier>
      <Extensions>h;hh;hpp;hxx;hm;inl;inc;ipp;xsd</Extensions>
    </Filter>
    <Filter Include="Components">
      <UniqueIdentifier>{67DA6AB6-F800-4c08-8B7A-83BB121AAD01}</UniqueIdentifier>
      <Extensions>rc;ico;cur;bmp;dlg;rc2;rct;bin;rgs;gif;jpg;jpeg;jpe;resx;tiff;tif;png;wav;mfcribbon-ms</Extensions>
    </Filter>
    <Filter Include="Commands">
      <UniqueIdentifier>{4893d5e6-5a01-4842-a15b-1a970d4b2a2d}</UniqueIdentifier>
    </Filter>
    <Filter Include="Prefabs">
      <UniqueIdentifier>{08553de8-b197-43e0-8d82-bbb64af81235}</UniqueIdentifier>
    </Filter>
    <Filter Include="Prefabs\Player">
      <UniqueIdentifier>{fe2e7507-1cce-4692-a92a-1d8a0a1ba284}</UniqueIdentifier>
    </Filter>
    <Filter Include="Components\Controllers">
      <UniqueIdentifier>{c9d2a9f7-5a15-46f8-a038-653e1d7caf59}</UniqueIdentifier>
    </Filter>
    <Filter Include="Prefabs\Bullet">
      <UniqueIdentifier>{4a087cfd-e9c4-4a11-8d2a-06fc18453847}</UniqueIdentifier>
    </Filter>
    <Filter Include="Components\Bullet">
      <UniqueIdentifier>{a1f60b37-4006-4aca-9e2f-36c341d90eb6}</UniqueIdentifier>
    </Filter>
    <Filter Include="Components\Player">
      <UniqueIdentifier>{eed242a9-a7ee-4eec-bbe0-6376a6d20b67}</UniqueIdentifier>
    </Filter>
    <Filter Include="Components\Worth">
      <UniqueIdentifier>{8a943665-5a96-43c1-b1c3-62d14b06b328}</UniqueIdentifier>
    </Filter>
    <Filter Include="Prefabs\Bubble">
      <UniqueIdentifier>{258af553-2abd-4e58-9ab0-42f83654a506}</UniqueIdentifier>
    </Filter>
    <Filter Include="Prefabs\Enemies">
      <UniqueIdentifier>{3c251fab-023c-4247-96c6-d30708ef63ac}</UniqueIdentifier>
    </Filter>
    <Filter Include="Prefabs\Enemies\ZenChan">
      <UniqueIdentifier>{6e0e2448-ed4d-454a-aaef-ee6a327cc15a}</UniqueIdentifier>
    </Filter>
    <Filter Include="Prefabs\Enemies\Maita">
      <UniqueIdentifier>{4ac5cc39-abc8-41d2-bff8-61e4d240a10c}</UniqueIdentifier>
    </Filter>
    <Filter Include="Components\Bubble">
      <UniqueIdentifier>{10e8e6a6-9feb-4f5d-a886-bd1bccb9b06c}</UniqueIdentifier>
    </Filter>
    <Filter Include="States">
      <UniqueIdentifier>{06c7174e-16ee-4297-beac-57de3bcd4df4}</UniqueIdentifier>
    </Filter>
    <Filter Include="Prefabs\Pickup">
      <UniqueIdentifier>{e367c4ad-8413-46c0-ac84-7240b08474d7}</UniqueIdentifier>
    </Filter>
    <Filter Include="Components\Pickup">
      <UniqueIdentifier>{eb368217-20da-4969-b98a-da2cd43134a3}</UniqueIdentifier>
    </Filter>
    <Filter Include="Prefabs\HUD">
      <UniqueIdentifier>{df034015-b2b6-42fe-b578-79467e404167}</UniqueIdentifier>
    </Filter>
    <Filter Include="Components\HUD">
      <UniqueIdentifier>{9cd724bb-327d-45bc-b6e8-2ff48b030018}</UniqueIdentifier>
    </Filter>
    <Filter Include="Prefabs\Teleporter">
      <UniqueIdentifier>{3fc1af1e-2ce0-4781-89bc-1922cf34bf1c}</UniqueIdentifier>
    </Filter>
    <Filter Include="Components\Teleporter">
      <UniqueIdentifier>{3047139b-38e1-4c85-948e-2ceb9295035f}</UniqueIdentifier>
    </Filter>
    <Filter Include="LevelCreator">
      <UniqueIdentifier>{8d044711-eea2-4d30-91f7-e5ac5aa4ad96}</UniqueIdentifier>
    </Filter>
    <Filter Include="Prefabs\LevelCounter">
      <UniqueIdentifier>{bc810f8f-1714-4b18-b82f-f6b4b5390186}</UniqueIdentifier>
    </Filter>
    <Filter Include="Prefabs\MainMenu">
      <UniqueIdentifier>{4c113bd9-5c19-466a-8b78-720fd59b6095}</UniqueIdentifier>
    </Filter>
    <Filter Include="Components\MainMenu">
      <UniqueIdentifier>{69112d86-843d-44cb-8900-1edad5d64175}</UniqueIdentifier>
    </Filter>
    <Filter Include="Prefabs\GameOverScreen">
      <UniqueIdentifier>{6847c6f4-2538-432b-8269-b76b6154add3}</UniqueIdentifier>
    </Filter>
    <Filter Include="Prefabs\SelectionPointer">
      <UniqueIdentifier>{28045eb1-2dac-4fcb-aec8-2d29366c4493}</UniqueIdentifier>
    </Filter>
    <Filter Include="Components\GameOverScreen">
      <UniqueIdentifier>{7001bff9-c01d-48cb-ae30-27ea7e879d72}</UniqueIdentifier>
    </Filter>
    <Filter Include="Prefabs\Builder">
      <UniqueIdentifier>{4ec0b854-7e81-454e-9344-260da4cbdaf7}</UniqueIdentifier>
    </Filter>
    <Filter Include="Components\Builder">
      <UniqueIdentifier>{a9118ae9-8c80-4eaa-8bbc-53c5b140ffb4}</UniqueIdentifier>
    </Filter>
  </ItemGroup>
  <ItemGroup>
    <ClCompile Include="Main.cpp" />
    <ClCompile Include="Game.cpp" />
    <ClCompile Include="Commands.cpp">
      <Filter>Commands</Filter>
    </ClCompile>
    <ClCompile Include="Player.cpp">
      <Filter>Prefabs\Player</Filter>
    </ClCompile>
    <ClCompile Include="Bullet.cpp">
      <Filter>Prefabs\Bullet</Filter>
    </ClCompile>
    <ClCompile Include="BulletComponent.cpp">
      <Filter>Components\Bullet</Filter>
    </ClCompile>
    <ClCompile Include="ScoreComponent.cpp">
      <Filter>Components\Player</Filter>
    </ClCompile>
    <ClCompile Include="WorthComponent.cpp">
      <Filter>Components\Worth</Filter>
    </ClCompile>
    <ClCompile Include="Bubble.cpp">
      <Filter>Prefabs\Bubble</Filter>
    </ClCompile>
    <ClCompile Include="PlayerControllerComponent.cpp">
      <Filter>Components\Controllers</Filter>
    </ClCompile>
    <ClCompile Include="PlayerStates.cpp">
      <Filter>States</Filter>
    </ClCompile>
    <ClCompile Include="ZenChan.cpp">
      <Filter>Prefabs\Enemies\ZenChan</Filter>
    </ClCompile>
    <ClCompile Include="EnemyControllerComponent.cpp">
      <Filter>Components\Controllers</Filter>
    </ClCompile>
    <ClCompile Include="EnemyStates.cpp">
      <Filter>States</Filter>
    </ClCompile>
    <ClCompile Include="BubbleComponent.cpp">
      <Filter>Components\Bubble</Filter>
    </ClCompile>
    <ClCompile Include="Pickup.cpp">
      <Filter>Prefabs\Pickup</Filter>
    </ClCompile>
    <ClCompile Include="PickupComponent.cpp">
      <Filter>Components\Pickup</Filter>
    </ClCompile>
    <ClCompile Include="HUD.cpp">
      <Filter>Prefabs\HUD</Filter>
    </ClCompile>
    <ClCompile Include="HudComponent.cpp">
      <Filter>Components\HUD</Filter>
    </ClCompile>
    <ClCompile Include="LivesComponent.cpp">
      <Filter>Components\Player</Filter>
    </ClCompile>
    <ClCompile Include="Teleporter.cpp">
      <Filter>Prefabs\Teleporter</Filter>
    </ClCompile>
    <ClCompile Include="TeleportComponent.cpp">
      <Filter>Components\Teleporter</Filter>
    </ClCompile>
    <ClCompile Include="LevelCreator.cpp">
      <Filter>LevelCreator</Filter>
    </ClCompile>
    <ClCompile Include="LevelCounter.cpp">
      <Filter>Prefabs\LevelCounter</Filter>
    </ClCompile>
    <ClCompile Include="MainMenu.cpp">
      <Filter>Prefabs\MainMenu</Filter>
    </ClCompile>
    <ClCompile Include="MainMenuComponent.cpp">
      <Filter>Components\MainMenu</Filter>
    </ClCompile>
    <ClCompile Include="GameOverScreen.cpp">
      <Filter>Prefabs\GameOverScreen</Filter>
    </ClCompile>
    <ClCompile Include="SelectionPointer.cpp">
      <Filter>Prefabs\SelectionPointer</Filter>
    </ClCompile>
    <ClCompile Include="GameOverScreenComponent.cpp">
      <Filter>Components\GameOverScreen</Filter>
    </ClCompile>
    <ClCompile Include="Maita.cpp">
      <Filter>Prefabs\Enemies\Maita</Filter>
    </ClCompile>
    <ClCompile Include="Builder.cpp">
      <Filter>Prefabs\Builder</Filter>
    </ClCompile>
    <ClCompile Include="BuilderComponent.cpp">
      <Filter>Components\Builder</Filter>
    </ClCompile>
  </ItemGroup>
  <ItemGroup>
    <ClInclude Include="Game.h" />
    <ClInclude Include="GamePCH.h">
      <Filter>Header Files</Filter>
    </ClInclude>
    <ClInclude Include="Commands.h">
      <Filter>Commands</Filter>
    </ClInclude>
    <ClInclude Include="Player.h">
      <Filter>Prefabs\Player</Filter>
    </ClInclude>
    <ClInclude Include="Bullet.h">
      <Filter>Prefabs\Bullet</Filter>
    </ClInclude>
    <ClInclude Include="BulletComponent.h">
      <Filter>Components\Bullet</Filter>
    </ClInclude>
    <ClInclude Include="ScoreComponent.h">
      <Filter>Components\Player</Filter>
    </ClInclude>
    <ClInclude Include="WorthComponent.h">
      <Filter>Components\Worth</Filter>
    </ClInclude>
    <ClInclude Include="Bubble.h">
      <Filter>Prefabs\Bubble</Filter>
    </ClInclude>
    <ClInclude Include="PlayerControllerComponent.h">
      <Filter>Components\Controllers</Filter>
    </ClInclude>
    <ClInclude Include="PlayerStates.h">
      <Filter>States</Filter>
    </ClInclude>
    <ClInclude Include="ZenChan.h">
      <Filter>Prefabs\Enemies\ZenChan</Filter>
    </ClInclude>
    <ClInclude Include="EnemyControllerComponent.h">
      <Filter>Components\Controllers</Filter>
    </ClInclude>
    <ClInclude Include="EnemyStates.h">
      <Filter>States</Filter>
    </ClInclude>
    <ClInclude Include="BubbleComponent.h">
      <Filter>Components\Bubble</Filter>
    </ClInclude>
    <ClInclude Include="Pickup.h">
      <Filter>Prefabs\Pickup</Filter>
    </ClInclude>
    <ClInclude Include="PickupComponent.h">
      <Filter>Components\Pickup</Filter>
    </ClInclude>
    <ClInclude Include="HUD.h">
      <Filter>Prefabs\HUD</Filter>
    </ClInclude>
    <ClInclude Include="HudComponent.h">
      <Filter>Components\HUD</Filter>
    </ClInclude>
    <ClInclude Include="LivesComponent.h">
      <Filter>Components\Player</Filter>
    </ClInclude>
    <ClInclude Include="Teleporter.h">
      <Filter>Prefabs\Teleporter</Filter>
    </ClInclude>
    <ClInclude Include="TeleportComponent.h">
      <Filter>Components\Teleporter</Filter>
    </ClInclude>
    <ClInclude Include="LevelCreator.h">
      <Filter>LevelCreator</Filter>
    </ClInclude>
    <ClInclude Include="LevelCounter.h">
      <Filter>Prefabs\LevelCounter</Filter>
    </ClInclude>
    <ClInclude Include="MainMenu.h">
      <Filter>Prefabs\MainMenu</Filter>
    </ClInclude>
    <ClInclude Include="MainMenuComponent.h">
      <Filter>Components\MainMenu</Filter>
    </ClInclude>
    <ClInclude Include="GameOverScreen.h">
      <Filter>Prefabs\GameOverScreen</Filter>
    </ClInclude>
    <ClInclude Include="SelectionPointer.h">
      <Filter>Prefabs\SelectionPointer</Filter>
    </ClInclude>
    <ClInclude Include="GameOverScreenComponent.h">
      <Filter>Components\GameOverScreen</Filter>
    </ClInclude>
    <ClInclude Include="Maita.h">
      <Filter>Prefabs\Enemies\Maita</Filter>
    </ClInclude>
    <ClInclude Include="Builder.h">
      <Filter>Prefabs\Builder</Filter>
    </ClInclude>
    <ClInclude Include="BuilderComponent.h">
      <Filter>Components\Builder</Filter>
    </ClInclude>
  </ItemGroup>
</Project>