<?xml version="1.0" encoding="utf-8"?>
<Project ToolsVersion="4.0" xmlns="http://schemas.microsoft.com/developer/msbuild/2003">
  <ItemGroup>
    <Filter Include="Resource Files">
      <UniqueIdentifier>{67DA6AB6-F800-4c08-8B7A-83BB121AAD01}</UniqueIdentifier>
      <Extensions>rc;ico;cur;bmp;dlg;rc2;rct;bin;rgs;gif;jpg;jpeg;jpe;resx;tiff;tif;png;wav;mfcribbon-ms</Extensions>
    </Filter>
    <Filter Include="Managers">
      <UniqueIdentifier>{f8928c86-faef-44f8-b06c-72ca4f336591}</UniqueIdentifier>
    </Filter>
    <Filter Include="Graphics">
      <UniqueIdentifier>{15ecbe8b-fb61-483f-9d63-6acbe9d198c4}</UniqueIdentifier>
    </Filter>
    <Filter Include="Components">
      <UniqueIdentifier>{89c74db6-5fda-498c-8e2b-7a657bf11b14}</UniqueIdentifier>
    </Filter>
    <Filter Include="Scene">
      <UniqueIdentifier>{42c78711-2479-4a47-a894-573f002b13d4}</UniqueIdentifier>
    </Filter>
    <Filter Include="General">
      <UniqueIdentifier>{93995380-89BD-4b04-88EB-625FBE52EBFB}</UniqueIdentifier>
      <Extensions>h;hh;hpp;hxx;hm;inl;inc;xsd</Extensions>
    </Filter>
    <Filter Include="Custom">
      <UniqueIdentifier>{f6877270-5b71-41a0-a3f4-57a689ade651}</UniqueIdentifier>
    </Filter>
    <Filter Include="Physics">
      <UniqueIdentifier>{523f39d7-de1b-4c2a-b986-7c30b8bad800}</UniqueIdentifier>
    </Filter>
    <Filter Include="Commands">
      <UniqueIdentifier>{4c275618-183e-4963-841e-2a87c63e7ffb}</UniqueIdentifier>
    </Filter>
    <Filter Include="GameTime">
      <UniqueIdentifier>{43c450fb-dd30-4528-936e-47077487fd98}</UniqueIdentifier>
    </Filter>
    <Filter Include="Utils">
      <UniqueIdentifier>{7ea446b1-ad2f-491a-8899-e501de61ad25}</UniqueIdentifier>
    </Filter>
    <Filter Include="BinaryReaderWriter">
      <UniqueIdentifier>{fb01902c-10ad-43e9-bf0a-72c1260f2d14}</UniqueIdentifier>
    </Filter>
    <Filter Include="Unit Testing">
      <UniqueIdentifier>{a1c494c4-9d3b-41a1-9971-9fa4c305212b}</UniqueIdentifier>
    </Filter>
    <Filter Include="Prefabs">
      <UniqueIdentifier>{47782c56-d372-4c05-902e-8e2b61888175}</UniqueIdentifier>
    </Filter>
    <Filter Include="Prefabs\UIText">
      <UniqueIdentifier>{8d425e49-9d2c-49d0-8d12-bcab772dcf3e}</UniqueIdentifier>
    </Filter>
    <Filter Include="Prefabs\Box">
      <UniqueIdentifier>{4e8bc435-d0aa-45d5-bda1-269e86e864bd}</UniqueIdentifier>
    </Filter>
  </ItemGroup>
  <ItemGroup>
    <ClInclude Include="MiniginPCH.h">
      <Filter>General</Filter>
    </ClInclude>
    <ClInclude Include="Singleton.h">
      <Filter>General</Filter>
    </ClInclude>
    <ClInclude Include="InputManager.h">
      <Filter>Managers</Filter>
    </ClInclude>
    <ClInclude Include="SceneManager.h">
      <Filter>Managers</Filter>
    </ClInclude>
    <ClInclude Include="Texture2D.h">
      <Filter>Graphics</Filter>
    </ClInclude>
    <ClInclude Include="ResourceManager.h">
      <Filter>Managers</Filter>
    </ClInclude>
    <ClInclude Include="Scene.h">
      <Filter>Scene</Filter>
    </ClInclude>
    <ClInclude Include="Renderer.h">
      <Filter>Graphics</Filter>
    </ClInclude>
    <ClInclude Include="GameObject.h">
      <Filter>Scene</Filter>
    </ClInclude>
    <ClInclude Include="Font.h">
      <Filter>Graphics</Filter>
    </ClInclude>
    <ClInclude Include="Minigin.h" />
    <ClInclude Include="BaseComponent.h">
      <Filter>Components</Filter>
    </ClInclude>
    <ClInclude Include="TransformComponent.h">
      <Filter>Components</Filter>
    </ClInclude>
    <ClInclude Include="TextureComponent.h">
      <Filter>Components</Filter>
    </ClInclude>
    <ClInclude Include="TextComponent.h">
      <Filter>Components</Filter>
    </ClInclude>
    <ClInclude Include="FpsCounterComponent.h">
      <Filter>Custom</Filter>
    </ClInclude>
    <ClInclude Include="BoxColliderComponent.h">
      <Filter>Components</Filter>
    </ClInclude>
    <ClInclude Include="PhysicsSettings.h">
      <Filter>Physics</Filter>
    </ClInclude>
    <ClInclude Include="RigidBodyComponent.h">
      <Filter>Components</Filter>
    </ClInclude>
    <ClInclude Include="Command.h">
      <Filter>Commands</Filter>
    </ClInclude>
    <ClInclude Include="GameTime.h">
      <Filter>GameTime</Filter>
    </ClInclude>
    <ClInclude Include="Structs.h">
      <Filter>Utils</Filter>
    </ClInclude>
    <ClInclude Include="Utils.h">
      <Filter>Utils</Filter>
    </ClInclude>
    <ClInclude Include="Prefab.h">
      <Filter>Scene</Filter>
    </ClInclude>
    <ClInclude Include="BinaryBase.h">
      <Filter>BinaryReaderWriter</Filter>
    </ClInclude>
    <ClInclude Include="BinaryReader.h">
      <Filter>BinaryReaderWriter</Filter>
    </ClInclude>
    <ClInclude Include="BinaryWriter.h">
      <Filter>BinaryReaderWriter</Filter>
    </ClInclude>
    <ClInclude Include="catch.hpp">
      <Filter>Unit Testing</Filter>
    </ClInclude>
    <ClInclude Include="Text.h">
      <Filter>Prefabs\UIText</Filter>
    </ClInclude>
    <ClInclude Include="Box.h">
      <Filter>Prefabs\Box</Filter>
    </ClInclude>
  </ItemGroup>
  <ItemGroup>
    <ClCompile Include="InputManager.cpp">
      <Filter>Managers</Filter>
    </ClCompile>
    <ClCompile Include="ResourceManager.cpp">
      <Filter>Managers</Filter>
    </ClCompile>
    <ClCompile Include="SceneManager.cpp">
      <Filter>Managers</Filter>
    </ClCompile>
    <ClCompile Include="Renderer.cpp">
      <Filter>Graphics</Filter>
    </ClCompile>
    <ClCompile Include="Texture2D.cpp">
      <Filter>Graphics</Filter>
    </ClCompile>
    <ClCompile Include="GameObject.cpp">
      <Filter>Scene</Filter>
    </ClCompile>
    <ClCompile Include="Font.cpp">
      <Filter>Graphics</Filter>
    </ClCompile>
    <ClCompile Include="Scene.cpp">
      <Filter>Scene</Filter>
    </ClCompile>
    <ClCompile Include="MiniginPCH.cpp">
      <Filter>General</Filter>
    </ClCompile>
    <ClCompile Include="Minigin.cpp" />
    <ClCompile Include="BaseComponent.cpp">
      <Filter>Components</Filter>
    </ClCompile>
    <ClCompile Include="TransformComponent.cpp">
      <Filter>Components</Filter>
    </ClCompile>
    <ClCompile Include="TextureComponent.cpp">
      <Filter>Components</Filter>
    </ClCompile>
    <ClCompile Include="TextComponent.cpp">
      <Filter>Components</Filter>
    </ClCompile>
    <ClCompile Include="FpsCounterComponent.cpp">
      <Filter>Custom</Filter>
    </ClCompile>
    <ClCompile Include="BoxColliderComponent.cpp">
      <Filter>Components</Filter>
    </ClCompile>
    <ClCompile Include="PhysicsSettings.cpp">
      <Filter>Physics</Filter>
    </ClCompile>
    <ClCompile Include="RigidBodyComponent.cpp">
      <Filter>Components</Filter>
    </ClCompile>
    <ClCompile Include="GameTime.cpp">
      <Filter>GameTime</Filter>
    </ClCompile>
    <ClCompile Include="Prefab.cpp">
      <Filter>Scene</Filter>
    </ClCompile>
    <ClCompile Include="BinaryBase.cpp">
      <Filter>BinaryReaderWriter</Filter>
    </ClCompile>
    <ClCompile Include="BinaryReader.cpp">
      <Filter>BinaryReaderWriter</Filter>
    </ClCompile>
    <ClCompile Include="BinaryWriter.cpp">
      <Filter>BinaryReaderWriter</Filter>
    </ClCompile>
    <ClCompile Include="Text.cpp">
      <Filter>Prefabs\UIText</Filter>
    </ClCompile>
    <ClCompile Include="Box.cpp">
      <Filter>Prefabs\Box</Filter>
    </ClCompile>
  </ItemGroup>
</Project>